
Microsoft Visual Studio Solution File, Format Version 12.00
# Visual Studio Version 16
VisualStudioVersion = 16.0.28922.388
MinimumVisualStudioVersion = 10.0.40219.1
Project("{FAE04EC0-301F-11D3-BF4B-00C04F79EFBC}") = "TcpClientForm", "TcpClient\TcpClientForm.csproj", "{4EFDFADF-A8D4-443A-8CED-0D586CB894CE}"
EndProject
Project("{FAE04EC0-301F-11D3-BF4B-00C04F79EFBC}") = "TcpServerForm", "TcpServer\TcpServerForm.csproj", "{CF2D4D1D-CEEB-4968-91EE-83F38FEAD5C6}"
EndProject
Global
	GlobalSection(SolutionConfigurationPlatforms) = preSolution
		Debug|Any CPU = Debug|Any CPU
		Release|Any CPU = Release|Any CPU
	EndGlobalSection
	GlobalSection(ProjectConfigurationPlatforms) = postSolution
		{4EFDFADF-A8D4-443A-8CED-0D586CB894CE}.Debug|Any CPU.ActiveCfg = Debug|Any CPU
		{4EFDFADF-A8D4-443A-8CED-0D586CB894CE}.Debug|Any CPU.Build.0 = Debug|Any CPU
		{4EFDFADF-A8D4-443A-8CED-0D586CB894CE}.Release|Any CPU.ActiveCfg = Release|Any CPU
		{4EFDFADF-A8D4-443A-8CED-0D586CB894CE}.Release|Any CPU.Build.0 = Release|Any CPU
		{CF2D4D1D-CEEB-4968-91EE-83F38FEAD5C6}.Debug|Any CPU.ActiveCfg = Debug|Any CPU
		{CF2D4D1D-CEEB-4968-91EE-83F38FEAD5C6}.Debug|Any CPU.Build.0 = Debug|Any CPU
		{CF2D4D1D-CEEB-4968-91EE-83F38FEAD5C6}.Release|Any CPU.ActiveCfg = Release|Any CPU
		{CF2D4D1D-CEEB-4968-91EE-83F38FEAD5C6}.Release|Any CPU.Build.0 = Release|Any CPU
	EndGlobalSection
	GlobalSection(SolutionProperties) = preSolution
		HideSolutionNode = FALSE
	EndGlobalSection
	GlobalSection(ExtensibilityGlobals) = postSolution
		SolutionGuid = {3AACAD55-93E3-49BA-A992-FCF4B90770BA}
	EndGlobalSection
EndGlobal
